
Microsoft Visual Studio Solution File, Format Version 12.00
# Visual Studio 2012
Project("{FAE04EC0-301F-11D3-BF4B-00C04F79EFBC}") = "uSnap.us", "iPhone_FrontEnd\uSnap.us.csproj", "{76400EC1-81CA-4F70-8B1B-33967C740FDF}"
EndProject
Project("{FAE04EC0-301F-11D3-BF4B-00C04F79EFBC}") = "usnapus.core", "usnapus.core\usnapus.core.csproj", "{6828B92E-8C04-4D06-A69D-A27A2CFDDE9D}"
EndProject
Project("{FAE04EC0-301F-11D3-BF4B-00C04F79EFBC}") = "usnapus.core.specs", "usnapus.core.specs\usnapus.core.specs.csproj", "{07377115-C950-4D9E-8154-EB02334843D0}"
EndProject
Global
	GlobalSection(SolutionConfigurationPlatforms) = preSolution
		Ad-Hoc|Any CPU = Ad-Hoc|Any CPU
		Ad-Hoc|iPhone = Ad-Hoc|iPhone
		Ad-Hoc|iPhoneSimulator = Ad-Hoc|iPhoneSimulator
		Ad-Hoc|Mixed Platforms = Ad-Hoc|Mixed Platforms
		AppStore|Any CPU = AppStore|Any CPU
		AppStore|iPhone = AppStore|iPhone
		AppStore|iPhoneSimulator = AppStore|iPhoneSimulator
		AppStore|Mixed Platforms = AppStore|Mixed Platforms
		Debug|Any CPU = Debug|Any CPU
		Debug|iPhone = Debug|iPhone
		Debug|iPhoneSimulator = Debug|iPhoneSimulator
		Debug|Mixed Platforms = Debug|Mixed Platforms
		Release|Any CPU = Release|Any CPU
		Release|iPhone = Release|iPhone
		Release|iPhoneSimulator = Release|iPhoneSimulator
		Release|Mixed Platforms = Release|Mixed Platforms
	EndGlobalSection
	GlobalSection(ProjectConfigurationPlatforms) = postSolution
		{76400EC1-81CA-4F70-8B1B-33967C740FDF}.Ad-Hoc|Any CPU.ActiveCfg = Ad-Hoc|iPhoneSimulator
		{76400EC1-81CA-4F70-8B1B-33967C740FDF}.Ad-Hoc|iPhone.ActiveCfg = Ad-Hoc|iPhone
		{76400EC1-81CA-4F70-8B1B-33967C740FDF}.Ad-Hoc|iPhone.Build.0 = Ad-Hoc|iPhone
		{76400EC1-81CA-4F70-8B1B-33967C740FDF}.Ad-Hoc|iPhoneSimulator.ActiveCfg = Ad-Hoc|iPhone
		{76400EC1-81CA-4F70-8B1B-33967C740FDF}.Ad-Hoc|Mixed Platforms.ActiveCfg = Ad-Hoc|iPhoneSimulator
		{76400EC1-81CA-4F70-8B1B-33967C740FDF}.Ad-Hoc|Mixed Platforms.Build.0 = Ad-Hoc|iPhoneSimulator
		{76400EC1-81CA-4F70-8B1B-33967C740FDF}.AppStore|Any CPU.ActiveCfg = AppStore|iPhoneSimulator
		{76400EC1-81CA-4F70-8B1B-33967C740FDF}.AppStore|iPhone.ActiveCfg = AppStore|iPhone
		{76400EC1-81CA-4F70-8B1B-33967C740FDF}.AppStore|iPhone.Build.0 = AppStore|iPhone
		{76400EC1-81CA-4F70-8B1B-33967C740FDF}.AppStore|iPhoneSimulator.ActiveCfg = AppStore|iPhone
		{76400EC1-81CA-4F70-8B1B-33967C740FDF}.AppStore|Mixed Platforms.ActiveCfg = AppStore|iPhoneSimulator
		{76400EC1-81CA-4F70-8B1B-33967C740FDF}.AppStore|Mixed Platforms.Build.0 = AppStore|iPhoneSimulator
		{76400EC1-81CA-4F70-8B1B-33967C740FDF}.Debug|Any CPU.ActiveCfg = Debug|iPhoneSimulator
		{76400EC1-81CA-4F70-8B1B-33967C740FDF}.Debug|iPhone.ActiveCfg = Debug|iPhone
		{76400EC1-81CA-4F70-8B1B-33967C740FDF}.Debug|iPhone.Build.0 = Debug|iPhone
		{76400EC1-81CA-4F70-8B1B-33967C740FDF}.Debug|iPhoneSimulator.ActiveCfg = Debug|iPhoneSimulator
		{76400EC1-81CA-4F70-8B1B-33967C740FDF}.Debug|iPhoneSimulator.Build.0 = Debug|iPhoneSimulator
		{76400EC1-81CA-4F70-8B1B-33967C740FDF}.Debug|Mixed Platforms.ActiveCfg = Debug|iPhoneSimulator
		{76400EC1-81CA-4F70-8B1B-33967C740FDF}.Debug|Mixed Platforms.Build.0 = Debug|iPhoneSimulator
		{76400EC1-81CA-4F70-8B1B-33967C740FDF}.Release|Any CPU.ActiveCfg = Release|iPhoneSimulator
		{76400EC1-81CA-4F70-8B1B-33967C740FDF}.Release|iPhone.ActiveCfg = Release|iPhone
		{76400EC1-81CA-4F70-8B1B-33967C740FDF}.Release|iPhone.Build.0 = Release|iPhone
		{76400EC1-81CA-4F70-8B1B-33967C740FDF}.Release|iPhoneSimulator.ActiveCfg = Release|iPhoneSimulator
		{76400EC1-81CA-4F70-8B1B-33967C740FDF}.Release|iPhoneSimulator.Build.0 = Release|iPhoneSimulator
		{76400EC1-81CA-4F70-8B1B-33967C740FDF}.Release|Mixed Platforms.ActiveCfg = Release|iPhoneSimulator
		{76400EC1-81CA-4F70-8B1B-33967C740FDF}.Release|Mixed Platforms.Build.0 = Release|iPhoneSimulator
		{6828B92E-8C04-4D06-A69D-A27A2CFDDE9D}.Ad-Hoc|Any CPU.ActiveCfg = Debug|Any CPU
		{6828B92E-8C04-4D06-A69D-A27A2CFDDE9D}.Ad-Hoc|Any CPU.Build.0 = Debug|Any CPU
		{6828B92E-8C04-4D06-A69D-A27A2CFDDE9D}.Ad-Hoc|iPhone.ActiveCfg = Release|Any CPU
		{6828B92E-8C04-4D06-A69D-A27A2CFDDE9D}.Ad-Hoc|iPhone.Build.0 = Release|Any CPU
		{6828B92E-8C04-4D06-A69D-A27A2CFDDE9D}.Ad-Hoc|iPhoneSimulator.ActiveCfg = Debug|Any CPU
		{6828B92E-8C04-4D06-A69D-A27A2CFDDE9D}.Ad-Hoc|Mixed Platforms.ActiveCfg = Debug|Any CPU
		{6828B92E-8C04-4D06-A69D-A27A2CFDDE9D}.Ad-Hoc|Mixed Platforms.Build.0 = Debug|Any CPU
		{6828B92E-8C04-4D06-A69D-A27A2CFDDE9D}.AppStore|Any CPU.ActiveCfg = Debug|Any CPU
		{6828B92E-8C04-4D06-A69D-A27A2CFDDE9D}.AppStore|Any CPU.Build.0 = Debug|Any CPU
		{6828B92E-8C04-4D06-A69D-A27A2CFDDE9D}.AppStore|iPhone.ActiveCfg = Release|Any CPU
		{6828B92E-8C04-4D06-A69D-A27A2CFDDE9D}.AppStore|iPhone.Build.0 = Release|Any CPU
		{6828B92E-8C04-4D06-A69D-A27A2CFDDE9D}.AppStore|iPhoneSimulator.ActiveCfg = Debug|Any CPU
		{6828B92E-8C04-4D06-A69D-A27A2CFDDE9D}.AppStore|Mixed Platforms.ActiveCfg = Debug|Any CPU
		{6828B92E-8C04-4D06-A69D-A27A2CFDDE9D}.AppStore|Mixed Platforms.Build.0 = Debug|Any CPU
		{6828B92E-8C04-4D06-A69D-A27A2CFDDE9D}.Debug|Any CPU.ActiveCfg = Debug|Any CPU
		{6828B92E-8C04-4D06-A69D-A27A2CFDDE9D}.Debug|Any CPU.Build.0 = Debug|Any CPU
		{6828B92E-8C04-4D06-A69D-A27A2CFDDE9D}.Debug|iPhone.ActiveCfg = Debug|Any CPU
		{6828B92E-8C04-4D06-A69D-A27A2CFDDE9D}.Debug|iPhone.Build.0 = Debug|Any CPU
		{6828B92E-8C04-4D06-A69D-A27A2CFDDE9D}.Debug|iPhoneSimulator.ActiveCfg = Debug|Any CPU
		{6828B92E-8C04-4D06-A69D-A27A2CFDDE9D}.Debug|iPhoneSimulator.Build.0 = Debug|Any CPU
		{6828B92E-8C04-4D06-A69D-A27A2CFDDE9D}.Debug|Mixed Platforms.ActiveCfg = Debug|Any CPU
		{6828B92E-8C04-4D06-A69D-A27A2CFDDE9D}.Debug|Mixed Platforms.Build.0 = Debug|Any CPU
		{6828B92E-8C04-4D06-A69D-A27A2CFDDE9D}.Release|Any CPU.ActiveCfg = Release|Any CPU
		{6828B92E-8C04-4D06-A69D-A27A2CFDDE9D}.Release|Any CPU.Build.0 = Release|Any CPU
		{6828B92E-8C04-4D06-A69D-A27A2CFDDE9D}.Release|iPhone.ActiveCfg = Release|Any CPU
		{6828B92E-8C04-4D06-A69D-A27A2CFDDE9D}.Release|iPhone.Build.0 = Release|Any CPU
		{6828B92E-8C04-4D06-A69D-A27A2CFDDE9D}.Release|iPhoneSimulator.ActiveCfg = Release|Any CPU
		{6828B92E-8C04-4D06-A69D-A27A2CFDDE9D}.Release|iPhoneSimulator.Build.0 = Release|Any CPU
		{6828B92E-8C04-4D06-A69D-A27A2CFDDE9D}.Release|Mixed Platforms.ActiveCfg = Release|Any CPU
		{6828B92E-8C04-4D06-A69D-A27A2CFDDE9D}.Release|Mixed Platforms.Build.0 = Release|Any CPU
		{07377115-C950-4D9E-8154-EB02334843D0}.Ad-Hoc|Any CPU.ActiveCfg = Release|Any CPU
		{07377115-C950-4D9E-8154-EB02334843D0}.Ad-Hoc|Any CPU.Build.0 = Release|Any CPU
		{07377115-C950-4D9E-8154-EB02334843D0}.Ad-Hoc|iPhone.ActiveCfg = Release|Any CPU
		{07377115-C950-4D9E-8154-EB02334843D0}.Ad-Hoc|iPhoneSimulator.ActiveCfg = Release|Any CPU
		{07377115-C950-4D9E-8154-EB02334843D0}.Ad-Hoc|Mixed Platforms.ActiveCfg = Release|Any CPU
		{07377115-C950-4D9E-8154-EB02334843D0}.Ad-Hoc|Mixed Platforms.Build.0 = Release|Any CPU
		{07377115-C950-4D9E-8154-EB02334843D0}.AppStore|Any CPU.ActiveCfg = Release|Any CPU
		{07377115-C950-4D9E-8154-EB02334843D0}.AppStore|Any CPU.Build.0 = Release|Any CPU
		{07377115-C950-4D9E-8154-EB02334843D0}.AppStore|iPhone.ActiveCfg = Release|Any CPU
		{07377115-C950-4D9E-8154-EB02334843D0}.AppStore|iPhoneSimulator.ActiveCfg = Release|Any CPU
		{07377115-C950-4D9E-8154-EB02334843D0}.AppStore|Mixed Platforms.ActiveCfg = Release|Any CPU
		{07377115-C950-4D9E-8154-EB02334843D0}.AppStore|Mixed Platforms.Build.0 = Release|Any CPU
		{07377115-C950-4D9E-8154-EB02334843D0}.Debug|Any CPU.ActiveCfg = Debug|Any CPU
		{07377115-C950-4D9E-8154-EB02334843D0}.Debug|Any CPU.Build.0 = Debug|Any CPU
		{07377115-C950-4D9E-8154-EB02334843D0}.Debug|iPhone.ActiveCfg = Debug|Any CPU
		{07377115-C950-4D9E-8154-EB02334843D0}.Debug|iPhoneSimulator.ActiveCfg = Debug|Any CPU
		{07377115-C950-4D9E-8154-EB02334843D0}.Debug|Mixed Platforms.ActiveCfg = Debug|Any CPU
		{07377115-C950-4D9E-8154-EB02334843D0}.Debug|Mixed Platforms.Build.0 = Debug|Any CPU
		{07377115-C950-4D9E-8154-EB02334843D0}.Release|Any CPU.ActiveCfg = Release|Any CPU
		{07377115-C950-4D9E-8154-EB02334843D0}.Release|Any CPU.Build.0 = Release|Any CPU
		{07377115-C950-4D9E-8154-EB02334843D0}.Release|iPhone.ActiveCfg = Release|Any CPU
		{07377115-C950-4D9E-8154-EB02334843D0}.Release|iPhoneSimulator.ActiveCfg = Release|Any CPU
		{07377115-C950-4D9E-8154-EB02334843D0}.Release|Mixed Platforms.ActiveCfg = Release|Any CPU
		{07377115-C950-4D9E-8154-EB02334843D0}.Release|Mixed Platforms.Build.0 = Release|Any CPU
	EndGlobalSection
	GlobalSection(SolutionProperties) = preSolution
		HideSolutionNode = FALSE
	EndGlobalSection
	GlobalSection(MonoDevelopProperties) = preSolution
		StartupItem = iPhone_FrontEnd\uSnap.us.csproj
	EndGlobalSection
EndGlobal
