
Microsoft Visual Studio Solution File, Format Version 11.00
# Visual Studio 2010
Project("{FAE04EC0-301F-11D3-BF4B-00C04F79EFBC}") = "usnapus.core", "usnapus.core\usnapus.core.csproj", "{6828B92E-8C04-4D06-A69D-A27A2CFDDE9D}"
EndProject
Project("{FAE04EC0-301F-11D3-BF4B-00C04F79EFBC}") = "uSnap.us_Android", "uSnap.us_Android\uSnap.us_Android.csproj", "{E3164D70-D274-4BE1-9E32-313ECAB47F8D}"
EndProject
Global
	GlobalSection(SolutionConfigurationPlatforms) = preSolution
		Debug|Any CPU = Debug|Any CPU
		Release|Any CPU = Release|Any CPU
	EndGlobalSection
	GlobalSection(ProjectConfigurationPlatforms) = postSolution
		{6828B92E-8C04-4D06-A69D-A27A2CFDDE9D}.Debug|Any CPU.ActiveCfg = Debug|Any CPU
		{6828B92E-8C04-4D06-A69D-A27A2CFDDE9D}.Debug|Any CPU.Build.0 = Debug|Any CPU
		{6828B92E-8C04-4D06-A69D-A27A2CFDDE9D}.Release|Any CPU.ActiveCfg = Release|Any CPU
		{6828B92E-8C04-4D06-A69D-A27A2CFDDE9D}.Release|Any CPU.Build.0 = Release|Any CPU
		{E3164D70-D274-4BE1-9E32-313ECAB47F8D}.Debug|Any CPU.ActiveCfg = Debug|Any CPU
		{E3164D70-D274-4BE1-9E32-313ECAB47F8D}.Debug|Any CPU.Build.0 = Debug|Any CPU
		{E3164D70-D274-4BE1-9E32-313ECAB47F8D}.Release|Any CPU.ActiveCfg = Release|Any CPU
		{E3164D70-D274-4BE1-9E32-313ECAB47F8D}.Release|Any CPU.Build.0 = Release|Any CPU
	EndGlobalSection
	GlobalSection(MonoDevelopProperties) = preSolution
		StartupItem = usnapus.core\usnapus.core.csproj
	EndGlobalSection
EndGlobal
