
Microsoft Visual Studio Solution File, Format Version 11.00
# Visual Studio 2010
Project("{FAE04EC0-301F-11D3-BF4B-00C04F79EFBC}") = "uSnap.us", "iPhone_FrontEnd\uSnap.us.csproj", "{76400EC1-81CA-4F70-8B1B-33967C740FDF}"
EndProject
Project("{FAE04EC0-301F-11D3-BF4B-00C04F79EFBC}") = "GPUImage", "GPUImage\GPUImage.csproj", "{6D269E42-D179-41F4-9254-F79738E957C9}"
EndProject
Global
	GlobalSection(SolutionConfigurationPlatforms) = preSolution
		Debug|iPhoneSimulator = Debug|iPhoneSimulator
		Release|iPhoneSimulator = Release|iPhoneSimulator
		Debug|iPhone = Debug|iPhone
		Release|iPhone = Release|iPhone
		Ad-Hoc|iPhone = Ad-Hoc|iPhone
		AppStore|iPhone = AppStore|iPhone
	EndGlobalSection
	GlobalSection(ProjectConfigurationPlatforms) = postSolution
		{6D269E42-D179-41F4-9254-F79738E957C9}.Ad-Hoc|iPhone.ActiveCfg = Release|Any CPU
		{6D269E42-D179-41F4-9254-F79738E957C9}.Ad-Hoc|iPhone.Build.0 = Release|Any CPU
		{6D269E42-D179-41F4-9254-F79738E957C9}.AppStore|iPhone.ActiveCfg = Release|Any CPU
		{6D269E42-D179-41F4-9254-F79738E957C9}.AppStore|iPhone.Build.0 = Release|Any CPU
		{6D269E42-D179-41F4-9254-F79738E957C9}.Debug|iPhone.ActiveCfg = Debug|Any CPU
		{6D269E42-D179-41F4-9254-F79738E957C9}.Debug|iPhone.Build.0 = Debug|Any CPU
		{6D269E42-D179-41F4-9254-F79738E957C9}.Debug|iPhoneSimulator.ActiveCfg = Debug|Any CPU
		{6D269E42-D179-41F4-9254-F79738E957C9}.Debug|iPhoneSimulator.Build.0 = Debug|Any CPU
		{6D269E42-D179-41F4-9254-F79738E957C9}.Release|iPhone.ActiveCfg = Release|Any CPU
		{6D269E42-D179-41F4-9254-F79738E957C9}.Release|iPhone.Build.0 = Release|Any CPU
		{6D269E42-D179-41F4-9254-F79738E957C9}.Release|iPhoneSimulator.ActiveCfg = Release|Any CPU
		{6D269E42-D179-41F4-9254-F79738E957C9}.Release|iPhoneSimulator.Build.0 = Release|Any CPU
		{76400EC1-81CA-4F70-8B1B-33967C740FDF}.Ad-Hoc|iPhone.ActiveCfg = Ad-Hoc|iPhone
		{76400EC1-81CA-4F70-8B1B-33967C740FDF}.Ad-Hoc|iPhone.Build.0 = Ad-Hoc|iPhone
		{76400EC1-81CA-4F70-8B1B-33967C740FDF}.AppStore|iPhone.ActiveCfg = AppStore|iPhone
		{76400EC1-81CA-4F70-8B1B-33967C740FDF}.AppStore|iPhone.Build.0 = AppStore|iPhone
		{76400EC1-81CA-4F70-8B1B-33967C740FDF}.Debug|iPhone.ActiveCfg = Debug|iPhone
		{76400EC1-81CA-4F70-8B1B-33967C740FDF}.Debug|iPhone.Build.0 = Debug|iPhone
		{76400EC1-81CA-4F70-8B1B-33967C740FDF}.Debug|iPhoneSimulator.ActiveCfg = Debug|iPhoneSimulator
		{76400EC1-81CA-4F70-8B1B-33967C740FDF}.Debug|iPhoneSimulator.Build.0 = Debug|iPhoneSimulator
		{76400EC1-81CA-4F70-8B1B-33967C740FDF}.Release|iPhone.ActiveCfg = Release|iPhone
		{76400EC1-81CA-4F70-8B1B-33967C740FDF}.Release|iPhone.Build.0 = Release|iPhone
		{76400EC1-81CA-4F70-8B1B-33967C740FDF}.Release|iPhoneSimulator.ActiveCfg = Release|iPhoneSimulator
		{76400EC1-81CA-4F70-8B1B-33967C740FDF}.Release|iPhoneSimulator.Build.0 = Release|iPhoneSimulator
	EndGlobalSection
	GlobalSection(MonoDevelopProperties) = preSolution
		StartupItem = iPhone_FrontEnd\uSnap.us.csproj
	EndGlobalSection
EndGlobal
